
Microsoft Visual Studio Solution File, Format Version 12.00
# Visual Studio Version 17
VisualStudioVersion = 17.11.35222.181
MinimumVisualStudioVersion = 10.0.40219.1
Project("{FAE04EC0-301F-11D3-BF4B-00C04F79EFBC}") = "MiniProject#2_Check__ErikaSanchez", "MiniProject#2_Check__ErikaSanchez.csproj", "{1CF8D065-4F26-44B5-98CD-6E7B4839476B}"
EndProject
Global
	GlobalSection(SolutionConfigurationPlatforms) = preSolution
		Debug|Any CPU = Debug|Any CPU
		Release|Any CPU = Release|Any CPU
	EndGlobalSection
	GlobalSection(ProjectConfigurationPlatforms) = postSolution
		{1CF8D065-4F26-44B5-98CD-6E7B4839476B}.Debug|Any CPU.ActiveCfg = Debug|Any CPU
		{1CF8D065-4F26-44B5-98CD-6E7B4839476B}.Debug|Any CPU.Build.0 = Debug|Any CPU
		{1CF8D065-4F26-44B5-98CD-6E7B4839476B}.Release|Any CPU.ActiveCfg = Release|Any CPU
		{1CF8D065-4F26-44B5-98CD-6E7B4839476B}.Release|Any CPU.Build.0 = Release|Any CPU
	EndGlobalSection
	GlobalSection(SolutionProperties) = preSolution
		HideSolutionNode = FALSE
	EndGlobalSection
	GlobalSection(ExtensibilityGlobals) = postSolution
		SolutionGuid = {80D5331B-D0A9-42DE-ADDF-1791ECAEE900}
	EndGlobalSection
EndGlobal
